
Microsoft Visual Studio Solution File, Format Version 12.00
# Visual Studio Version 17
VisualStudioVersion = 17.10.35027.167
MinimumVisualStudioVersion = 10.0.40219.1
Project("{9A19103F-16F7-4668-BE54-9A1E7A4F7556}") = "Bookstore", "Bookstore.csproj", "{9FCB8C84-8D92-4B92-AAAF-066C306551DA}"
EndProject
Project("{FAE04EC0-301F-11D3-BF4B-00C04F79EFBC}") = "BookstoreTest", "..\BookstoreTest\BookstoreTest.csproj", "{AE5B51C9-4A34-4BF4-994D-E3F913802279}"
EndProject
Global
	GlobalSection(SolutionConfigurationPlatforms) = preSolution
		Debug|Any CPU = Debug|Any CPU
		Release|Any CPU = Release|Any CPU
	EndGlobalSection
	GlobalSection(ProjectConfigurationPlatforms) = postSolution
		{9FCB8C84-8D92-4B92-AAAF-066C306551DA}.Debug|Any CPU.ActiveCfg = Debug|Any CPU
		{9FCB8C84-8D92-4B92-AAAF-066C306551DA}.Debug|Any CPU.Build.0 = Debug|Any CPU
		{9FCB8C84-8D92-4B92-AAAF-066C306551DA}.Release|Any CPU.ActiveCfg = Release|Any CPU
		{9FCB8C84-8D92-4B92-AAAF-066C306551DA}.Release|Any CPU.Build.0 = Release|Any CPU
		{AE5B51C9-4A34-4BF4-994D-E3F913802279}.Debug|Any CPU.ActiveCfg = Debug|Any CPU
		{AE5B51C9-4A34-4BF4-994D-E3F913802279}.Debug|Any CPU.Build.0 = Debug|Any CPU
		{AE5B51C9-4A34-4BF4-994D-E3F913802279}.Release|Any CPU.ActiveCfg = Release|Any CPU
		{AE5B51C9-4A34-4BF4-994D-E3F913802279}.Release|Any CPU.Build.0 = Release|Any CPU
	EndGlobalSection
	GlobalSection(SolutionProperties) = preSolution
		HideSolutionNode = FALSE
	EndGlobalSection
	GlobalSection(ExtensibilityGlobals) = postSolution
		SolutionGuid = {24EF53C8-5A27-4C57-BFE7-709EA38BB778}
	EndGlobalSection
EndGlobal
